# This file is generated by running "yarn install" inside your project.
# Manual changes might be lost - proceed with caution!

__metadata:
  version: 6

"@claeusdev-afro/foundation@workspace:^, @claeusdev-afro/foundation@workspace:packages/foundation":
  version: 0.0.0-use.local
  resolution: "@claeusdev-afro/foundation@workspace:packages/foundation"
  languageName: unknown
  linkType: soft

"@claeusdev-afro/react@workspace:^, @claeusdev-afro/react@workspace:packages/react":
  version: 0.0.0-use.local
  resolution: "@claeusdev-afro/react@workspace:packages/react"
  dependencies:
    "@claeusdev-afro/foundation": "workspace:^"
  languageName: unknown
  linkType: soft

"@claeusdev-afro/storybook@workspace:packages/storybook":
  version: 0.0.0-use.local
  resolution: "@claeusdev-afro/storybook@workspace:packages/storybook"
  dependencies:
    "@claeusdev-afro/foundation": "workspace:^"
    "@claeusdev-afro/react": "workspace:^"
  languageName: unknown
  linkType: soft

"afro@workspace:.":
  version: 0.0.0-use.local
  resolution: "afro@workspace:."
  languageName: unknown
  linkType: soft
